
Microsoft Visual Studio Solution File, Format Version 12.00
# Visual Studio 15
Project("{FAE04EC0-301F-11D3-BF4B-00C04F79EFBC}") = "L-001_BasicCalendar", "L-001_BasicCalendar\L-001_BasicCalendar.csproj", "{02929C03-B549-4985-88AD-00EC57BB4EAA}"
EndProject
Global
	GlobalSection(SolutionConfigurationPlatforms) = preSolution
		Debug|Any CPU = Debug|Any CPU
		Release|Any CPU = Release|Any CPU
	EndGlobalSection
	GlobalSection(ProjectConfigurationPlatforms) = postSolution
		{02929C03-B549-4985-88AD-00EC57BB4EAA}.Debug|Any CPU.ActiveCfg = Debug|Any CPU
		{02929C03-B549-4985-88AD-00EC57BB4EAA}.Debug|Any CPU.Build.0 = Debug|Any CPU
		{02929C03-B549-4985-88AD-00EC57BB4EAA}.Release|Any CPU.ActiveCfg = Release|Any CPU
		{02929C03-B549-4985-88AD-00EC57BB4EAA}.Release|Any CPU.Build.0 = Release|Any CPU
	EndGlobalSection
EndGlobal
